
Microsoft Visual Studio Solution File, Format Version 12.00
# Visual Studio Version 16
VisualStudioVersion = 16.0.34601.136
MinimumVisualStudioVersion = 10.0.40219.1
Project("{FAE04EC0-301F-11D3-BF4B-00C04F79EFBC}") = "nim", "nim\nim.csproj", "{FCA0C94B-04C5-43CD-8FC1-98BA753393E6}"
EndProject
Global
	GlobalSection(SolutionConfigurationPlatforms) = preSolution
		Debug|Any CPU = Debug|Any CPU
		Release|Any CPU = Release|Any CPU
	EndGlobalSection
	GlobalSection(ProjectConfigurationPlatforms) = postSolution
		{FCA0C94B-04C5-43CD-8FC1-98BA753393E6}.Debug|Any CPU.ActiveCfg = Debug|Any CPU
		{FCA0C94B-04C5-43CD-8FC1-98BA753393E6}.Debug|Any CPU.Build.0 = Debug|Any CPU
		{FCA0C94B-04C5-43CD-8FC1-98BA753393E6}.Release|Any CPU.ActiveCfg = Release|Any CPU
		{FCA0C94B-04C5-43CD-8FC1-98BA753393E6}.Release|Any CPU.Build.0 = Release|Any CPU
	EndGlobalSection
	GlobalSection(SolutionProperties) = preSolution
		HideSolutionNode = FALSE
	EndGlobalSection
	GlobalSection(ExtensibilityGlobals) = postSolution
		SolutionGuid = {B64253F8-D003-4571-BC45-18CF94B9798A}
	EndGlobalSection
EndGlobal
